lockfileVersion: '6.0'

devDependencies:
  pnpm:
    specifier: 8.2.0
    version: 8.2.0

packages:

  /pnpm@8.2.0:
    resolution: {integrity: sha512-f2/abl6GycxLgVZQtWA2zBJKMXcv2L86HGRwJ4qnS02gVzLgtFegC25qWKFtUunCY74GUwxq2A7yGAJEyOuCYg==}
    engines: {node: '>=16.14'}
    hasBin: true
    dev: true
