{
  "name": "example",
  "version": "0.0.0",
  "lockfileVersion": 2,
  "requires": true,
  "packages": {
    "": {
      "name": "example",
      "version": "0.0.0",
      "dependencies": {
        "figlet": "^1.2.0"
      }
    },
    "node_modules/figlet": {
      "version": "1.2.4",
      "resolved": "https://registry.npmjs.org/figlet/-/figlet-1.2.4.tgz",
      "integrity": "sha512-mv8YA9RruB4C5QawPaD29rEVx3N97ZTyNrE4DAfbhuo6tpcMdKnPVo8MlyT3RP5uPcg5M14bEJBq7kjFf4kAWg==",
      "engines": {
        "node": ">= 0.4.0"
      }
    }
  },
  "dependencies": {
    "figlet": {
      "version": "1.2.4",
      "resolved": "https://registry.npmjs.org/figlet/-/figlet-1.2.4.tgz",
      "integrity": "sha512-mv8YA9RruB4C5QawPaD29rEVx3N97ZTyNrE4DAfbhuo6tpcMdKnPVo8MlyT3RP5uPcg5M14bEJBq7kjFf4kAWg=="
    }
  }
}
